{
  "name": "daily-love-mobile",
  "version": "0.0.0",
  "lockfileVersion": 3,
  "requires": true,
  "packages": {
    "": {
      "name": "daily-love-mobile",
      "version": "0.0.0",
      "engines": {
        "node": ">=20.18.0 <=24.x.x",
        "npm": ">=10.0.0"
      }
    }
  }
}
